
Microsoft Visual Studio Solution File, Format Version 12.00
# Visual Studio Version 16
VisualStudioVersion = 16.0.31729.503
MinimumVisualStudioVersion = 10.0.40219.1
Project("{FAE04EC0-301F-11D3-BF4B-00C04F79EFBC}") = "Arrays", "Arrays\Arrays.csproj", "{D9BEF619-40EE-4336-9A74-129E0901D159}"
EndProject
Project("{FAE04EC0-301F-11D3-BF4B-00C04F79EFBC}") = "inContrastArray", "inContrastArray\inContrastArray.csproj", "{449657D9-4C06-476D-91B1-23BB21F7A1DD}"
EndProject
Global
	GlobalSection(SolutionConfigurationPlatforms) = preSolution
		Debug|Any CPU = Debug|Any CPU
		Release|Any CPU = Release|Any CPU
	EndGlobalSection
	GlobalSection(ProjectConfigurationPlatforms) = postSolution
		{D9BEF619-40EE-4336-9A74-129E0901D159}.Debug|Any CPU.ActiveCfg = Debug|Any CPU
		{D9BEF619-40EE-4336-9A74-129E0901D159}.Debug|Any CPU.Build.0 = Debug|Any CPU
		{D9BEF619-40EE-4336-9A74-129E0901D159}.Release|Any CPU.ActiveCfg = Release|Any CPU
		{D9BEF619-40EE-4336-9A74-129E0901D159}.Release|Any CPU.Build.0 = Release|Any CPU
		{449657D9-4C06-476D-91B1-23BB21F7A1DD}.Debug|Any CPU.ActiveCfg = Debug|Any CPU
		{449657D9-4C06-476D-91B1-23BB21F7A1DD}.Debug|Any CPU.Build.0 = Debug|Any CPU
		{449657D9-4C06-476D-91B1-23BB21F7A1DD}.Release|Any CPU.ActiveCfg = Release|Any CPU
		{449657D9-4C06-476D-91B1-23BB21F7A1DD}.Release|Any CPU.Build.0 = Release|Any CPU
	EndGlobalSection
	GlobalSection(SolutionProperties) = preSolution
		HideSolutionNode = FALSE
	EndGlobalSection
	GlobalSection(ExtensibilityGlobals) = postSolution
		SolutionGuid = {E9F6191C-0830-45A1-A62C-551329CE0A42}
	EndGlobalSection
EndGlobal
